
Microsoft Visual Studio Solution File, Format Version 12.00
# Visual Studio Version 16
VisualStudioVersion = 16.0.31424.327
MinimumVisualStudioVersion = 10.0.40219.1
Project("{FAE04EC0-301F-11D3-BF4B-00C04F79EFBC}") = "proje_05_convert_type", "proje_05_convert_type\proje_05_convert_type.csproj", "{51ADEE69-5B77-4750-9714-7DF77A10D377}"
EndProject
Global
	GlobalSection(SolutionConfigurationPlatforms) = preSolution
		Debug|Any CPU = Debug|Any CPU
		Release|Any CPU = Release|Any CPU
	EndGlobalSection
	GlobalSection(ProjectConfigurationPlatforms) = postSolution
		{51ADEE69-5B77-4750-9714-7DF77A10D377}.Debug|Any CPU.ActiveCfg = Debug|Any CPU
		{51ADEE69-5B77-4750-9714-7DF77A10D377}.Debug|Any CPU.Build.0 = Debug|Any CPU
		{51ADEE69-5B77-4750-9714-7DF77A10D377}.Release|Any CPU.ActiveCfg = Release|Any CPU
		{51ADEE69-5B77-4750-9714-7DF77A10D377}.Release|Any CPU.Build.0 = Release|Any CPU
	EndGlobalSection
	GlobalSection(SolutionProperties) = preSolution
		HideSolutionNode = FALSE
	EndGlobalSection
	GlobalSection(ExtensibilityGlobals) = postSolution
		SolutionGuid = {C37B146C-C0D9-4075-B5BD-3FDF3A580ED3}
	EndGlobalSection
EndGlobal
