
Microsoft Visual Studio Solution File, Format Version 12.00
# Visual Studio Version 16
VisualStudioVersion = 16.0.31424.327
MinimumVisualStudioVersion = 10.0.40219.1
Project("{FAE04EC0-301F-11D3-BF4B-00C04F79EFBC}") = "telefon_rehberi_02", "telefon_rehberi_02\telefon_rehberi_02.csproj", "{8C8DE03F-588F-4393-8B87-9745EB9A78D9}"
EndProject
Global
	GlobalSection(SolutionConfigurationPlatforms) = preSolution
		Debug|Any CPU = Debug|Any CPU
		Release|Any CPU = Release|Any CPU
	EndGlobalSection
	GlobalSection(ProjectConfigurationPlatforms) = postSolution
		{8C8DE03F-588F-4393-8B87-9745EB9A78D9}.Debug|Any CPU.ActiveCfg = Debug|Any CPU
		{8C8DE03F-588F-4393-8B87-9745EB9A78D9}.Debug|Any CPU.Build.0 = Debug|Any CPU
		{8C8DE03F-588F-4393-8B87-9745EB9A78D9}.Release|Any CPU.ActiveCfg = Release|Any CPU
		{8C8DE03F-588F-4393-8B87-9745EB9A78D9}.Release|Any CPU.Build.0 = Release|Any CPU
	EndGlobalSection
	GlobalSection(SolutionProperties) = preSolution
		HideSolutionNode = FALSE
	EndGlobalSection
	GlobalSection(ExtensibilityGlobals) = postSolution
		SolutionGuid = {E3A52AF5-CF9B-453D-B13E-AE9398013846}
	EndGlobalSection
EndGlobal
