
Microsoft Visual Studio Solution File, Format Version 12.00
# Visual Studio Version 16
VisualStudioVersion = 16.0.31424.327
MinimumVisualStudioVersion = 10.0.40219.1
Project("{FAE04EC0-301F-11D3-BF4B-00C04F79EFBC}") = "KutuphaneProjesi", "KutuphaneProjesi\KutuphaneProjesi.csproj", "{7E7B6A3B-05C2-4774-BB19-51968CC3536C}"
EndProject
Global
	GlobalSection(SolutionConfigurationPlatforms) = preSolution
		Debug|Any CPU = Debug|Any CPU
		Release|Any CPU = Release|Any CPU
	EndGlobalSection
	GlobalSection(ProjectConfigurationPlatforms) = postSolution
		{7E7B6A3B-05C2-4774-BB19-51968CC3536C}.Debug|Any CPU.ActiveCfg = Debug|Any CPU
		{7E7B6A3B-05C2-4774-BB19-51968CC3536C}.Debug|Any CPU.Build.0 = Debug|Any CPU
		{7E7B6A3B-05C2-4774-BB19-51968CC3536C}.Release|Any CPU.ActiveCfg = Release|Any CPU
		{7E7B6A3B-05C2-4774-BB19-51968CC3536C}.Release|Any CPU.Build.0 = Release|Any CPU
	EndGlobalSection
	GlobalSection(SolutionProperties) = preSolution
		HideSolutionNode = FALSE
	EndGlobalSection
	GlobalSection(ExtensibilityGlobals) = postSolution
		SolutionGuid = {47C68D9A-154F-49A0-8FD8-E80F1A641197}
	EndGlobalSection
EndGlobal
