
Microsoft Visual Studio Solution File, Format Version 12.00
# Visual Studio Version 16
VisualStudioVersion = 16.0.31424.327
MinimumVisualStudioVersion = 10.0.40219.1
Project("{FAE04EC0-301F-11D3-BF4B-00C04F79EFBC}") = "with_class_sql01", "with_class_sql01\with_class_sql01.csproj", "{59869DE9-B70E-4B5E-9D76-3DAC7E508B6A}"
EndProject
Global
	GlobalSection(SolutionConfigurationPlatforms) = preSolution
		Debug|Any CPU = Debug|Any CPU
		Release|Any CPU = Release|Any CPU
	EndGlobalSection
	GlobalSection(ProjectConfigurationPlatforms) = postSolution
		{59869DE9-B70E-4B5E-9D76-3DAC7E508B6A}.Debug|Any CPU.ActiveCfg = Debug|Any CPU
		{59869DE9-B70E-4B5E-9D76-3DAC7E508B6A}.Debug|Any CPU.Build.0 = Debug|Any CPU
		{59869DE9-B70E-4B5E-9D76-3DAC7E508B6A}.Release|Any CPU.ActiveCfg = Release|Any CPU
		{59869DE9-B70E-4B5E-9D76-3DAC7E508B6A}.Release|Any CPU.Build.0 = Release|Any CPU
	EndGlobalSection
	GlobalSection(SolutionProperties) = preSolution
		HideSolutionNode = FALSE
	EndGlobalSection
	GlobalSection(ExtensibilityGlobals) = postSolution
		SolutionGuid = {2AF36902-35DF-4B87-87C2-AD69333B5D80}
	EndGlobalSection
EndGlobal
