
Microsoft Visual Studio Solution File, Format Version 12.00
# Visual Studio Version 16
VisualStudioVersion = 16.0.31424.327
MinimumVisualStudioVersion = 10.0.40219.1
Project("{FAE04EC0-301F-11D3-BF4B-00C04F79EFBC}") = "EFCore_02", "EFCore_02\EFCore_02.csproj", "{540A538A-2024-45F8-A2AF-08B80B5E1D39}"
EndProject
Global
	GlobalSection(SolutionConfigurationPlatforms) = preSolution
		Debug|Any CPU = Debug|Any CPU
		Release|Any CPU = Release|Any CPU
	EndGlobalSection
	GlobalSection(ProjectConfigurationPlatforms) = postSolution
		{540A538A-2024-45F8-A2AF-08B80B5E1D39}.Debug|Any CPU.ActiveCfg = Debug|Any CPU
		{540A538A-2024-45F8-A2AF-08B80B5E1D39}.Debug|Any CPU.Build.0 = Debug|Any CPU
		{540A538A-2024-45F8-A2AF-08B80B5E1D39}.Release|Any CPU.ActiveCfg = Release|Any CPU
		{540A538A-2024-45F8-A2AF-08B80B5E1D39}.Release|Any CPU.Build.0 = Release|Any CPU
	EndGlobalSection
	GlobalSection(SolutionProperties) = preSolution
		HideSolutionNode = FALSE
	EndGlobalSection
	GlobalSection(ExtensibilityGlobals) = postSolution
		SolutionGuid = {69B45870-9E3E-4E5C-AE2C-804354CDDBFD}
	EndGlobalSection
EndGlobal
