
Microsoft Visual Studio Solution File, Format Version 12.00
# Visual Studio Version 16
VisualStudioVersion = 16.0.31424.327
MinimumVisualStudioVersion = 10.0.40219.1
Project("{FAE04EC0-301F-11D3-BF4B-00C04F79EFBC}") = "ConsoleApp1", "ConsoleApp1\ConsoleApp1.csproj", "{3B958567-62F9-4724-BE2B-6B7D232782E7}"
EndProject
Project("{FAE04EC0-301F-11D3-BF4B-00C04F79EFBC}") = "proje_01", "proje_01\proje_01.csproj", "{7C6C374F-F08C-4531-BFEA-3A798C00C1A4}"
EndProject
Global
	GlobalSection(SolutionConfigurationPlatforms) = preSolution
		Debug|Any CPU = Debug|Any CPU
		Release|Any CPU = Release|Any CPU
	EndGlobalSection
	GlobalSection(ProjectConfigurationPlatforms) = postSolution
		{3B958567-62F9-4724-BE2B-6B7D232782E7}.Debug|Any CPU.ActiveCfg = Debug|Any CPU
		{3B958567-62F9-4724-BE2B-6B7D232782E7}.Debug|Any CPU.Build.0 = Debug|Any CPU
		{3B958567-62F9-4724-BE2B-6B7D232782E7}.Release|Any CPU.ActiveCfg = Release|Any CPU
		{3B958567-62F9-4724-BE2B-6B7D232782E7}.Release|Any CPU.Build.0 = Release|Any CPU
		{7C6C374F-F08C-4531-BFEA-3A798C00C1A4}.Debug|Any CPU.ActiveCfg = Debug|Any CPU
		{7C6C374F-F08C-4531-BFEA-3A798C00C1A4}.Debug|Any CPU.Build.0 = Debug|Any CPU
		{7C6C374F-F08C-4531-BFEA-3A798C00C1A4}.Release|Any CPU.ActiveCfg = Release|Any CPU
		{7C6C374F-F08C-4531-BFEA-3A798C00C1A4}.Release|Any CPU.Build.0 = Release|Any CPU
	EndGlobalSection
	GlobalSection(SolutionProperties) = preSolution
		HideSolutionNode = FALSE
	EndGlobalSection
	GlobalSection(ExtensibilityGlobals) = postSolution
		SolutionGuid = {0D53DAAB-2951-4DD1-8C43-6CB77574DF52}
	EndGlobalSection
EndGlobal
