
Microsoft Visual Studio Solution File, Format Version 12.00
# Visual Studio Version 16
VisualStudioVersion = 16.0.32413.511
MinimumVisualStudioVersion = 10.0.40219.1
Project("{FAE04EC0-301F-11D3-BF4B-00C04F79EFBC}") = "UploadImageProject", "UploadImageProject\UploadImageProject.csproj", "{FA930141-68CB-46B7-8DBD-AEFD9F33F804}"
EndProject
Global
	GlobalSection(SolutionConfigurationPlatforms) = preSolution
		Debug|Any CPU = Debug|Any CPU
		Release|Any CPU = Release|Any CPU
	EndGlobalSection
	GlobalSection(ProjectConfigurationPlatforms) = postSolution
		{FA930141-68CB-46B7-8DBD-AEFD9F33F804}.Debug|Any CPU.ActiveCfg = Debug|Any CPU
		{FA930141-68CB-46B7-8DBD-AEFD9F33F804}.Debug|Any CPU.Build.0 = Debug|Any CPU
		{FA930141-68CB-46B7-8DBD-AEFD9F33F804}.Release|Any CPU.ActiveCfg = Release|Any CPU
		{FA930141-68CB-46B7-8DBD-AEFD9F33F804}.Release|Any CPU.Build.0 = Release|Any CPU
	EndGlobalSection
	GlobalSection(SolutionProperties) = preSolution
		HideSolutionNode = FALSE
	EndGlobalSection
	GlobalSection(ExtensibilityGlobals) = postSolution
		SolutionGuid = {C559C276-05C0-4F8C-A45D-AACC418F9F51}
	EndGlobalSection
EndGlobal
