
Microsoft Visual Studio Solution File, Format Version 12.00
# Visual Studio Version 16
VisualStudioVersion = 16.0.31424.327
MinimumVisualStudioVersion = 10.0.40219.1
Project("{FAE04EC0-301F-11D3-BF4B-00C04F79EFBC}") = "DikenComTr_Clone", "DikenComTr_Clone\DikenComTr_Clone.csproj", "{747722AE-E5BF-45AF-822E-2CF421363953}"
EndProject
Global
	GlobalSection(SolutionConfigurationPlatforms) = preSolution
		Debug|Any CPU = Debug|Any CPU
		Release|Any CPU = Release|Any CPU
	EndGlobalSection
	GlobalSection(ProjectConfigurationPlatforms) = postSolution
		{747722AE-E5BF-45AF-822E-2CF421363953}.Debug|Any CPU.ActiveCfg = Debug|Any CPU
		{747722AE-E5BF-45AF-822E-2CF421363953}.Debug|Any CPU.Build.0 = Debug|Any CPU
		{747722AE-E5BF-45AF-822E-2CF421363953}.Release|Any CPU.ActiveCfg = Release|Any CPU
		{747722AE-E5BF-45AF-822E-2CF421363953}.Release|Any CPU.Build.0 = Release|Any CPU
	EndGlobalSection
	GlobalSection(SolutionProperties) = preSolution
		HideSolutionNode = FALSE
	EndGlobalSection
	GlobalSection(ExtensibilityGlobals) = postSolution
		SolutionGuid = {4F9F7E54-D8BE-4A8A-88FD-5D5083095BB4}
	EndGlobalSection
EndGlobal
