
Microsoft Visual Studio Solution File, Format Version 12.00
# Visual Studio Version 16
VisualStudioVersion = 16.0.31424.327
MinimumVisualStudioVersion = 10.0.40219.1
Project("{FAE04EC0-301F-11D3-BF4B-00C04F79EFBC}") = "proje_07_while", "proje_07_while\proje_07_while.csproj", "{C60CB3B2-3331-4941-9505-2CE0F9B0D3C9}"
EndProject
Global
	GlobalSection(SolutionConfigurationPlatforms) = preSolution
		Debug|Any CPU = Debug|Any CPU
		Release|Any CPU = Release|Any CPU
	EndGlobalSection
	GlobalSection(ProjectConfigurationPlatforms) = postSolution
		{C60CB3B2-3331-4941-9505-2CE0F9B0D3C9}.Debug|Any CPU.ActiveCfg = Debug|Any CPU
		{C60CB3B2-3331-4941-9505-2CE0F9B0D3C9}.Debug|Any CPU.Build.0 = Debug|Any CPU
		{C60CB3B2-3331-4941-9505-2CE0F9B0D3C9}.Release|Any CPU.ActiveCfg = Release|Any CPU
		{C60CB3B2-3331-4941-9505-2CE0F9B0D3C9}.Release|Any CPU.Build.0 = Release|Any CPU
	EndGlobalSection
	GlobalSection(SolutionProperties) = preSolution
		HideSolutionNode = FALSE
	EndGlobalSection
	GlobalSection(ExtensibilityGlobals) = postSolution
		SolutionGuid = {4CC6039C-411D-412E-B646-73103ED4EBEB}
	EndGlobalSection
EndGlobal
